Microsoft Visual Studio Solution File, Format Version 12.00
# Visual Studio 2012
Project("{FAE04EC0-301F-11D3-BF4B-00C04F79EFBC}") = "Chupacabra Island", "Chupacabra Island.csproj", "{D3249A06-3748-4EB0-A24A-4EF12610F50F}"
EndProject
Global
	GlobalSection(SolutionConfigurationPlatforms) = preSolution
	Debug|Any CPU = Debug|Any CPU
	ExportDebug|Any CPU = ExportDebug|Any CPU
	ExportRelease|Any CPU = ExportRelease|Any CPU
	EndGlobalSection
	GlobalSection(ProjectConfigurationPlatforms) = postSolution
		{D3249A06-3748-4EB0-A24A-4EF12610F50F}.Debug|Any CPU.ActiveCfg = Debug|Any CPU
		{D3249A06-3748-4EB0-A24A-4EF12610F50F}.Debug|Any CPU.Build.0 = Debug|Any CPU
		{D3249A06-3748-4EB0-A24A-4EF12610F50F}.ExportDebug|Any CPU.ActiveCfg = ExportDebug|Any CPU
		{D3249A06-3748-4EB0-A24A-4EF12610F50F}.ExportDebug|Any CPU.Build.0 = ExportDebug|Any CPU
		{D3249A06-3748-4EB0-A24A-4EF12610F50F}.ExportRelease|Any CPU.ActiveCfg = ExportRelease|Any CPU
		{D3249A06-3748-4EB0-A24A-4EF12610F50F}.ExportRelease|Any CPU.Build.0 = ExportRelease|Any CPU
	EndGlobalSection
EndGlobal
